
Microsoft Visual Studio Solution File, Format Version 11.00
# Visual Studio 2010
Project("{FAE04EC0-301F-11D3-BF4B-00C04F79EFBC}") = "Assembly-CSharp-firstpass", "Assembly-CSharp-firstpass.csproj", "{AB347F33-AC9A-1434-7328-CD00F4BA74E7}"
EndProject
Project("{FAE04EC0-301F-11D3-BF4B-00C04F79EFBC}") = "Assembly-CSharp", "Assembly-CSharp.csproj", "{74FA6868-E625-7BE7-32B3-F492AE4E584A}"
EndProject
Project("{FAE04EC0-301F-11D3-BF4B-00C04F79EFBC}") = "Assembly-CSharp-Editor-firstpass", "Assembly-CSharp-Editor-firstpass.csproj", "{4F0714AF-CE02-F9DA-0A3D-C355CF08193A}"
EndProject
Project("{FAE04EC0-301F-11D3-BF4B-00C04F79EFBC}") = "Assembly-CSharp-Editor", "Assembly-CSharp-Editor.csproj", "{910B0838-84B2-6E47-C8B2-413868632542}"
EndProject
Global
	GlobalSection(SolutionConfigurationPlatforms) = preSolution
		Debug|Any CPU = Debug|Any CPU
		Release|Any CPU = Release|Any CPU
	EndGlobalSection
	GlobalSection(ProjectConfigurationPlatforms) = postSolution
		{AB347F33-AC9A-1434-7328-CD00F4BA74E7}.Debug|Any CPU.ActiveCfg = Debug|Any CPU
		{AB347F33-AC9A-1434-7328-CD00F4BA74E7}.Debug|Any CPU.Build.0 = Debug|Any CPU
		{AB347F33-AC9A-1434-7328-CD00F4BA74E7}.Release|Any CPU.ActiveCfg = Release|Any CPU
		{AB347F33-AC9A-1434-7328-CD00F4BA74E7}.Release|Any CPU.Build.0 = Release|Any CPU
		{74FA6868-E625-7BE7-32B3-F492AE4E584A}.Debug|Any CPU.ActiveCfg = Debug|Any CPU
		{74FA6868-E625-7BE7-32B3-F492AE4E584A}.Debug|Any CPU.Build.0 = Debug|Any CPU
		{74FA6868-E625-7BE7-32B3-F492AE4E584A}.Release|Any CPU.ActiveCfg = Release|Any CPU
		{74FA6868-E625-7BE7-32B3-F492AE4E584A}.Release|Any CPU.Build.0 = Release|Any CPU
		{4F0714AF-CE02-F9DA-0A3D-C355CF08193A}.Debug|Any CPU.ActiveCfg = Debug|Any CPU
		{4F0714AF-CE02-F9DA-0A3D-C355CF08193A}.Debug|Any CPU.Build.0 = Debug|Any CPU
		{4F0714AF-CE02-F9DA-0A3D-C355CF08193A}.Release|Any CPU.ActiveCfg = Release|Any CPU
		{4F0714AF-CE02-F9DA-0A3D-C355CF08193A}.Release|Any CPU.Build.0 = Release|Any CPU
		{910B0838-84B2-6E47-C8B2-413868632542}.Debug|Any CPU.ActiveCfg = Debug|Any CPU
		{910B0838-84B2-6E47-C8B2-413868632542}.Debug|Any CPU.Build.0 = Debug|Any CPU
		{910B0838-84B2-6E47-C8B2-413868632542}.Release|Any CPU.ActiveCfg = Release|Any CPU
		{910B0838-84B2-6E47-C8B2-413868632542}.Release|Any CPU.Build.0 = Release|Any CPU
	EndGlobalSection
	GlobalSection(SolutionProperties) = preSolution
		HideSolutionNode = FALSE
	EndGlobalSection
EndGlobal
